{
  "name": "my-project",
  "version": "1.0.0",
  "description": "My project description",
  "main": "index.js",
  "scripts": {
    "start": "node index.js"
  },
  "dependencies": {
    "express": "^4.17.1",
    "react": "^17.0.2"
  },
  "devDependencies": {
    "babel": "^7.14.6",
    "webpack": "^5.43.0"
  },
  "author": "Your Name",
  "license": "MIT"
}

